// !$*UTF8*$!
{
	archiveVersion = 1;
	classes = {
	};
	objectVersion = 50;
	objects = {

/* Begin PBXBuildFile section */
		E517CD3D22912204006D523A /* AppDelegate.swift in Sources */ = {isa = PBXBuildFile; fileRef = E517CD3C22912204006D523A /* AppDelegate.swift */; };
		E517CD3F22912204006D523A /* ViewController.swift in Sources */ = {isa = PBXBuildFile; fileRef = E517CD3E22912204006D523A /* ViewController.swift */; };
		E517CD4222912204006D523A /* Main.storyboard in Resources */ = {isa = PBXBuildFile; fileRef = E517CD4022912204006D523A /* Main.storyboard */; };
		E517CD4422912206006D523A /* Assets.xcassets in Resources */ = {isa = PBXBuildFile; fileRef = E517CD4322912206006D523A /* Assets.xcassets */; };
		E517CD4722912206006D523A /* LaunchScreen.storyboard in Resources */ = {isa = PBXBuildFile; fileRef = E517CD4522912206006D523A /* LaunchScreen.storyboard */; };
		E517CD4F22916DEE006D523A /* orderTVC.swift in Sources */ = {isa = PBXBuildFile; fileRef = E517CD4E22916DEE006D523A /* orderTVC.swift */; };
		E517CD5122916E0A006D523A /* orderTVCell.swift in Sources */ = {isa = PBXBuildFile; fileRef = E517CD5022916E0A006D523A /* orderTVCell.swift */; };
		E517CD5322916E9E006D523A /* Food.swift in Sources */ = {isa = PBXBuildFile; fileRef = E517CD5222916E9E006D523A /* Food.swift */; };
		E517CD5522917F51006D523A /* Order.swift in Sources */ = {isa = PBXBuildFile; fileRef = E517CD5422917F51006D523A /* Order.swift */; };
		E517CD57229183DA006D523A /* Side.swift in Sources */ = {isa = PBXBuildFile; fileRef = E517CD56229183DA006D523A /* Side.swift */; };
		E517CD5922918461006D523A /* sideTableViewCell.swift in Sources */ = {isa = PBXBuildFile; fileRef = E517CD5822918461006D523A /* sideTableViewCell.swift */; };
		E517CD5B2291847D006D523A /* sideTableViewController.swift in Sources */ = {isa = PBXBuildFile; fileRef = E517CD5A2291847D006D523A /* sideTableViewController.swift */; };
		E517CD5D2291A516006D523A /* ResultTableViewController.swift in Sources */ = {isa = PBXBuildFile; fileRef = E517CD5C2291A516006D523A /* ResultTableViewController.swift */; };
		E517CD5F2291A52C006D523A /* ResultTableViewCell.swift in Sources */ = {isa = PBXBuildFile; fileRef = E517CD5E2291A52C006D523A /* ResultTableViewCell.swift */; };
		E517CD612291BBD8006D523A /* ProductDetailVC.swift in Sources */ = {isa = PBXBuildFile; fileRef = E517CD602291BBD8006D523A /* ProductDetailVC.swift */; };
		E517CD652291C527006D523A /* sideViewController.swift in Sources */ = {isa = PBXBuildFile; fileRef = E517CD642291C527006D523A /* sideViewController.swift */; };
/* End PBXBuildFile section */

/* Begin PBXFileReference section */
		E517CD3922912204006D523A /* practice.app */ = {isa = PBXFileReference; explicitFileType = wrapper.application; includeInIndex = 0; path = practice.app; sourceTree = BUILT_PRODUCTS_DIR; };
		E517CD3C22912204006D523A /* AppDelegate.swift */ = {isa = PBXFileReference; lastKnownFileType = sourcecode.swift; path = AppDelegate.swift; sourceTree = "<group>"; };
		E517CD3E22912204006D523A /* ViewController.swift */ = {isa = PBXFileReference; lastKnownFileType = sourcecode.swift; path = ViewController.swift; sourceTree = "<group>"; };
		E517CD4122912204006D523A /* Base */ = {isa = PBXFileReference; lastKnownFileType = file.storyboard; name = Base; path = Base.lproj/Main.storyboard; sourceTree = "<group>"; };
		E517CD4322912206006D523A /* Assets.xcassets */ = {isa = PBXFileReference; lastKnownFileType = folder.assetcatalog; path = Assets.xcassets; sourceTree = "<group>"; };
		E517CD4622912206006D523A /* Base */ = {isa = PBXFileReference; lastKnownFileType = file.storyboard; name = Base; path = Base.lproj/LaunchScreen.storyboard; sourceTree = "<group>"; };
		E517CD4822912206006D523A /* Info.plist */ = {isa = PBXFileReference; lastKnownFileType = text.plist.xml; path = Info.plist; sourceTree = "<group>"; };
		E517CD4E22916DEE006D523A /* orderTVC.swift */ = {isa = PBXFileReference; lastKnownFileType = sourcecode.swift; path = orderTVC.swift; sourceTree = "<group>"; };
		E517CD5022916E0A006D523A /* orderTVCell.swift */ = {isa = PBXFileReference; lastKnownFileType = sourcecode.swift; path = orderTVCell.swift; sourceTree = "<group>"; };
		E517CD5222916E9E006D523A /* Food.swift */ = {isa = PBXFileReference; lastKnownFileType = sourcecode.swift; path = Food.swift; sourceTree = "<group>"; };
		E517CD5422917F51006D523A /* Order.swift */ = {isa = PBXFileReference; lastKnownFileType = sourcecode.swift; path = Order.swift; sourceTree = "<group>"; };
		E517CD56229183DA006D523A /* Side.swift */ = {isa = PBXFileReference; lastKnownFileType = sourcecode.swift; path = Side.swift; sourceTree = "<group>"; };
		E517CD5822918461006D523A /* sideTableViewCell.swift */ = {isa = PBXFileReference; lastKnownFileType = sourcecode.swift; path = sideTableViewCell.swift; sourceTree = "<group>"; };
		E517CD5A2291847D006D523A /* sideTableViewController.swift */ = {isa = PBXFileReference; lastKnownFileType = sourcecode.swift; path = sideTableViewController.swift; sourceTree = "<group>"; };
		E517CD5C2291A516006D523A /* ResultTableViewController.swift */ = {isa = PBXFileReference; lastKnownFileType = sourcecode.swift; path = ResultTableViewController.swift; sourceTree = "<group>"; };
		E517CD5E2291A52C006D523A /* ResultTableViewCell.swift */ = {isa = PBXFileReference; lastKnownFileType = sourcecode.swift; path = ResultTableViewCell.swift; sourceTree = "<group>"; };
		E517CD602291BBD8006D523A /* ProductDetailVC.swift */ = {isa = PBXFileReference; lastKnownFileType = sourcecode.swift; path = ProductDetailVC.swift; sourceTree = "<group>"; };
		E517CD642291C527006D523A /* sideViewController.swift */ = {isa = PBXFileReference; lastKnownFileType = sourcecode.swift; path = sideViewController.swift; sourceTree = "<group>"; };
/* End PBXFileReference section */

/* Begin PBXFrameworksBuildPhase section */
		E517CD3622912204006D523A /* Frameworks */ = {
			isa = PBXFrameworksBuildPhase;
			buildActionMask = 2147483647;
			files = (
			);
			runOnlyForDeploymentPostprocessing = 0;
		};
/* End PBXFrameworksBuildPhase section */

/* Begin PBXGroup section */
		E517CD3022912204006D523A = {
			isa = PBXGroup;
			children = (
				E517CD3B22912204006D523A /* practice */,
				E517CD3A22912204006D523A /* Products */,
			);
			sourceTree = "<group>";
		};
		E517CD3A22912204006D523A /* Products */ = {
			isa = PBXGroup;
			children = (
				E517CD3922912204006D523A /* practice.app */,
			);
			name = Products;
			sourceTree = "<group>";
		};
		E517CD3B22912204006D523A /* practice */ = {
			isa = PBXGroup;
			children = (
				E517CD642291C527006D523A /* sideViewController.swift */,
				E517CD3C22912204006D523A /* AppDelegate.swift */,
				E517CD3E22912204006D523A /* ViewController.swift */,
				E517CD4022912204006D523A /* Main.storyboard */,
				E517CD5C2291A516006D523A /* ResultTableViewController.swift */,
				E517CD5E2291A52C006D523A /* ResultTableViewCell.swift */,
				E517CD5822918461006D523A /* sideTableViewCell.swift */,
				E517CD5A2291847D006D523A /* sideTableViewController.swift */,
				E517CD56229183DA006D523A /* Side.swift */,
				E517CD5222916E9E006D523A /* Food.swift */,
				E517CD5422917F51006D523A /* Order.swift */,
				E517CD4E22916DEE006D523A /* orderTVC.swift */,
				E517CD602291BBD8006D523A /* ProductDetailVC.swift */,
				E517CD5022916E0A006D523A /* orderTVCell.swift */,
				E517CD4322912206006D523A /* Assets.xcassets */,
				E517CD4522912206006D523A /* LaunchScreen.storyboard */,
				E517CD4822912206006D523A /* Info.plist */,
			);
			path = practice;
			sourceTree = "<group>";
		};
/* End PBXGroup section */

/* Begin PBXNativeTarget section */
		E517CD3822912204006D523A /* practice */ = {
			isa = PBXNativeTarget;
			buildConfigurationList = E517CD4B22912206006D523A /* Build configuration list for PBXNativeTarget "practice" */;
			buildPhases = (
				E517CD3522912204006D523A /* Sources */,
				E517CD3622912204006D523A /* Frameworks */,
				E517CD3722912204006D523A /* Resources */,
			);
			buildRules = (
			);
			dependencies = (
			);
			name = practice;
			productName = practice;
			productReference = E517CD3922912204006D523A /* practice.app */;
			productType = "com.apple.product-type.application";
		};
/* End PBXNativeTarget section */

/* Begin PBXProject section */
		E517CD3122912204006D523A /* Project object */ = {
			isa = PBXProject;
			attributes = {
				LastSwiftUpdateCheck = 1020;
				LastUpgradeCheck = 1020;
				ORGANIZATIONNAME = kelinko;
				TargetAttributes = {
					E517CD3822912204006D523A = {
						CreatedOnToolsVersion = 10.2.1;
					};
				};
			};
			buildConfigurationList = E517CD3422912204006D523A /* Build configuration list for PBXProject "practice" */;
			compatibilityVersion = "Xcode 9.3";
			developmentRegion = en;
			hasScannedForEncodings = 0;
			knownRegions = (
				en,
				Base,
			);
			mainGroup = E517CD3022912204006D523A;
			productRefGroup = E517CD3A22912204006D523A /* Products */;
			projectDirPath = "";
			projectRoot = "";
			targets = (
				E517CD3822912204006D523A /* practice */,
			);
		};
/* End PBXProject section */

/* Begin PBXResourcesBuildPhase section */
		E517CD3722912204006D523A /* Resources */ = {
			isa = PBXResourcesBuildPhase;
			buildActionMask = 2147483647;
			files = (
				E517CD4722912206006D523A /* LaunchScreen.storyboard in Resources */,
				E517CD4422912206006D523A /* Assets.xcassets in Resources */,
				E517CD4222912204006D523A /* Main.storyboard in Resources */,
			);
			runOnlyForDeploymentPostprocessing = 0;
		};
/* End PBXResourcesBuildPhase section */

/* Begin PBXSourcesBuildPhase section */
		E517CD3522912204006D523A /* Sources */ = {
			isa = PBXSourcesBuildPhase;
			buildActionMask = 2147483647;
			files = (
				E517CD5F2291A52C006D523A /* ResultTableViewCell.swift in Sources */,
				E517CD652291C527006D523A /* sideViewController.swift in Sources */,
				E517CD612291BBD8006D523A /* ProductDetailVC.swift in Sources */,
				E517CD5522917F51006D523A /* Order.swift in Sources */,
				E517CD4F22916DEE006D523A /* orderTVC.swift in Sources */,
				E517CD5D2291A516006D523A /* ResultTableViewController.swift in Sources */,
				E517CD5922918461006D523A /* sideTableViewCell.swift in Sources */,
				E517CD3F22912204006D523A /* ViewController.swift in Sources */,
				E517CD5B2291847D006D523A /* sideTableViewController.swift in Sources */,
				E517CD5322916E9E006D523A /* Food.swift in Sources */,
				E517CD57229183DA006D523A /* Side.swift in Sources */,
				E517CD5122916E0A006D523A /* orderTVCell.swift in Sources */,
				E517CD3D22912204006D523A /* AppDelegate.swift in Sources */,
			);
			runOnlyForDeploymentPostprocessing = 0;
		};
/* End PBXSourcesBuildPhase section */

/* Begin PBXVariantGroup section */
		E517CD4022912204006D523A /* Main.storyboard */ = {
			isa = PBXVariantGroup;
			children = (
				E517CD4122912204006D523A /* Base */,
			);
			name = Main.storyboard;
			sourceTree = "<group>";
		};
		E517CD4522912206006D523A /* LaunchScreen.storyboard */ = {
			isa = PBXVariantGroup;
			children = (
				E517CD4622912206006D523A /* Base */,
			);
			name = LaunchScreen.storyboard;
			sourceTree = "<group>";
		};
/* End PBXVariantGroup section */

/* Begin XCBuildConfiguration section */
		E517CD4922912206006D523A /* Debug */ = {
			isa = XCBuildConfiguration;
			buildSettings = {
				ALWAYS_SEARCH_USER_PATHS = NO;
				CLANG_ANALYZER_NONNULL = YES;
				CLANG_ANALYZER_NUMBER_OBJECT_CONVERSION = YES_AGGRESSIVE;
				CLANG_CXX_LANGUAGE_STANDARD = "gnu++14";
				CLANG_CXX_LIBRARY = "libc++";
				CLANG_ENABLE_MODULES = YES;
				CLANG_ENABLE_OBJC_ARC = YES;
				CLANG_ENABLE_OBJC_WEAK = YES;
				CLANG_WARN_BLOCK_CAPTURE_AUTORELEASING = YES;
				CLANG_WARN_BOOL_CONVERSION = YES;
				CLANG_WARN_COMMA = YES;
				CLANG_WARN_CONSTANT_CONVERSION = YES;
				CLANG_WARN_DEPRECATED_OBJC_IMPLEMENTATIONS = YES;
				CLANG_WARN_DIRECT_OBJC_ISA_USAGE = YES_ERROR;
				CLANG_WARN_DOCUMENTATION_COMMENTS = YES;
				CLANG_WARN_EMPTY_BODY = YES;
				CLANG_WARN_ENUM_CONVERSION = YES;
				CLANG_WARN_INFINITE_RECURSION = YES;
				CLANG_WARN_INT_CONVERSION = YES;
				CLANG_WARN_NON_LITERAL_NULL_CONVERSION = YES;
				CLANG_WARN_OBJC_IMPLICIT_RETAIN_SELF = YES;
				CLANG_WARN_OBJC_LITERAL_CONVERSION = YES;
				CLANG_WARN_OBJC_ROOT_CLASS = YES_ERROR;
				CLANG_WARN_RANGE_LOOP_ANALYSIS = YES;
				CLANG_WARN_STRICT_PROTOTYPES = YES;
				CLANG_WARN_SUSPICIOUS_MOVE = YES;
				CLANG_WARN_UNGUARDED_AVAILABILITY = YES_AGGRESSIVE;
				CLANG_WARN_UNREACHABLE_CODE = YES;
				CLANG_WARN__DUPLICATE_METHOD_MATCH = YES;
				CODE_SIGN_IDENTITY = "iPhone Developer";
				COPY_PHASE_STRIP = NO;
				DEBUG_INFORMATION_FORMAT = dwarf;
				ENABLE_STRICT_OBJC_MSGSEND = YES;
				ENABLE_TESTABILITY = YES;
				GCC_C_LANGUAGE_STANDARD = gnu11;
				GCC_DYNAMIC_NO_PIC = NO;
				GCC_NO_COMMON_BLOCKS = YES;
				GCC_OPTIMIZATION_LEVEL = 0;
				GCC_PREPROCESSOR_DEFINITIONS = (
					"DEBUG=1",
					"$(inherited)",
				);
				GCC_WARN_64_TO_32_BIT_CONVERSION = YES;
				GCC_WARN_ABOUT_RETURN_TYPE = YES_ERROR;
				GCC_WARN_UNDECLARED_SELECTOR = YES;
				GCC_WARN_UNINITIALIZED_AUTOS = YES_AGGRESSIVE;
				GCC_WARN_UNUSED_FUNCTION = YES;
				GCC_WARN_UNUSED_VARIABLE = YES;
				IPHONEOS_DEPLOYMENT_TARGET = 12.2;
				MTL_ENABLE_DEBUG_INFO = INCLUDE_SOURCE;
				MTL_FAST_MATH = YES;
				ONLY_ACTIVE_ARCH = YES;
				SDKROOT = iphoneos;
				SWIFT_ACTIVE_COMPILATION_CONDITIONS = DEBUG;
				SWIFT_OPTIMIZATION_LEVEL = "-Onone";
			};
			name = Debug;
		};
		E517CD4A22912206006D523A /* Release */ = {
			isa = XCBuildConfiguration;
			buildSettings = {
				ALWAYS_SEARCH_USER_PATHS = NO;
				CLANG_ANALYZER_NONNULL = YES;
				CLANG_ANALYZER_NUMBER_OBJECT_CONVERSION = YES_AGGRESSIVE;
				CLANG_CXX_LANGUAGE_STANDARD = "gnu++14";
				CLANG_CXX_LIBRARY = "libc++";
				CLANG_ENABLE_MODULES = YES;
				CLANG_ENABLE_OBJC_ARC = YES;
				CLANG_ENABLE_OBJC_WEAK = YES;
				CLANG_WARN_BLOCK_CAPTURE_AUTORELEASING = YES;
				CLANG_WARN_BOOL_CONVERSION = YES;
				CLANG_WARN_COMMA = YES;
				CLANG_WARN_CONSTANT_CONVERSION = YES;
				CLANG_WARN_DEPRECATED_OBJC_IMPLEMENTATIONS = YES;
				CLANG_WARN_DIRECT_OBJC_ISA_USAGE = YES_ERROR;
				CLANG_WARN_DOCUMENTATION_COMMENTS = YES;
				CLANG_WARN_EMPTY_BODY = YES;
				CLANG_WARN_ENUM_CONVERSION = YES;
				CLANG_WARN_INFINITE_RECURSION = YES;
				CLANG_WARN_INT_CONVERSION = YES;
				CLANG_WARN_NON_LITERAL_NULL_CONVERSION = YES;
				CLANG_WARN_OBJC_IMPLICIT_RETAIN_SELF = YES;
				CLANG_WARN_OBJC_LITERAL_CONVERSION = YES;
				CLANG_WARN_OBJC_ROOT_CLASS = YES_ERROR;
				CLANG_WARN_RANGE_LOOP_ANALYSIS = YES;
				CLANG_WARN_STRICT_PROTOTYPES = YES;
				CLANG_WARN_SUSPICIOUS_MOVE = YES;
				CLANG_WARN_UNGUARDED_AVAILABILITY = YES_AGGRESSIVE;
				CLANG_WARN_UNREACHABLE_CODE = YES;
				CLANG_WARN__DUPLICATE_METHOD_MATCH = YES;
				CODE_SIGN_IDENTITY = "iPhone Developer";
				COPY_PHASE_STRIP = NO;
				DEBUG_INFORMATION_FORMAT = "dwarf-with-dsym";
				ENABLE_NS_ASSERTIONS = NO;
				ENABLE_STRICT_OBJC_MSGSEND = YES;
				GCC_C_LANGUAGE_STANDARD = gnu11;
				GCC_NO_COMMON_BLOCKS = YES;
				GCC_WARN_64_TO_32_BIT_CONVERSION = YES;
				GCC_WARN_ABOUT_RETURN_TYPE = YES_ERROR;
				GCC_WARN_UNDECLARED_SELECTOR = YES;
				GCC_WARN_UNINITIALIZED_AUTOS = YES_AGGRESSIVE;
				GCC_WARN_UNUSED_FUNCTION = YES;
				GCC_WARN_UNUSED_VARIABLE = YES;
				IPHONEOS_DEPLOYMENT_TARGET = 12.2;
				MTL_ENABLE_DEBUG_INFO = NO;
				MTL_FAST_MATH = YES;
				SDKROOT = iphoneos;
				SWIFT_COMPILATION_MODE = wholemodule;
				SWIFT_OPTIMIZATION_LEVEL = "-O";
				VALIDATE_PRODUCT = YES;
			};
			name = Release;
		};
		E517CD4C22912206006D523A /* Debug */ = {
			isa = XCBuildConfiguration;
			buildSettings = {
				ASSETCATALOG_COMPILER_APPICON_NAME = AppIcon;
				CODE_SIGN_STYLE = Automatic;
				INFOPLIST_FILE = practice/Info.plist;
				LD_RUNPATH_SEARCH_PATHS = (
					"$(inherited)",
					"@executable_path/Frameworks",
				);
				PRODUCT_BUNDLE_IDENTIFIER = com.kelin.practice;
				PRODUCT_NAME = "$(TARGET_NAME)";
				SWIFT_VERSION = 5.0;
				TARGETED_DEVICE_FAMILY = "1,2";
			};
			name = Debug;
		};
		E517CD4D22912206006D523A /* Release */ = {
			isa = XCBuildConfiguration;
			buildSettings = {
				ASSETCATALOG_COMPILER_APPICON_NAME = AppIcon;
				CODE_SIGN_STYLE = Automatic;
				INFOPLIST_FILE = practice/Info.plist;
				LD_RUNPATH_SEARCH_PATHS = (
					"$(inherited)",
					"@executable_path/Frameworks",
				);
				PRODUCT_BUNDLE_IDENTIFIER = com.kelin.practice;
				PRODUCT_NAME = "$(TARGET_NAME)";
				SWIFT_VERSION = 5.0;
				TARGETED_DEVICE_FAMILY = "1,2";
			};
			name = Release;
		};
/* End XCBuildConfiguration section */

/* Begin XCConfigurationList section */
		E517CD3422912204006D523A /* Build configuration list for PBXProject "practice" */ = {
			isa = XCConfigurationList;
			buildConfigurations = (
				E517CD4922912206006D523A /* Debug */,
				E517CD4A22912206006D523A /* Release */,
			);
			defaultConfigurationIsVisible = 0;
			defaultConfigurationName = Release;
		};
		E517CD4B22912206006D523A /* Build configuration list for PBXNativeTarget "practice" */ = {
			isa = XCConfigurationList;
			buildConfigurations = (
				E517CD4C22912206006D523A /* Debug */,
				E517CD4D22912206006D523A /* Release */,
			);
			defaultConfigurationIsVisible = 0;
			defaultConfigurationName = Release;
		};
/* End XCConfigurationList section */
	};
	rootObject = E517CD3122912204006D523A /* Project object */;
}
